
Microsoft Visual Studio Solution File, Format Version 12.00
# Visual Studio Version 16
VisualStudioVersion = 16.0.31829.152
MinimumVisualStudioVersion = 10.0.40219.1
Project("{9A19103F-16F7-4668-BE54-9A1E7A4F7556}") = "SalesApp", "SalesApp.csproj", "{E8BB1A9E-3095-4101-A9B8-52DF468BEE68}"
EndProject
Project("{9A19103F-16F7-4668-BE54-9A1E7A4F7556}") = "Entities", "..\Entities\Entities.csproj", "{0AC33AA8-E56E-4A23-9A97-83822D94310D}"
EndProject
Global
	GlobalSection(SolutionConfigurationPlatforms) = preSolution
		Debug|Any CPU = Debug|Any CPU
		Release|Any CPU = Release|Any CPU
	EndGlobalSection
	GlobalSection(ProjectConfigurationPlatforms) = postSolution
		{E8BB1A9E-3095-4101-A9B8-52DF468BEE68}.Debug|Any CPU.ActiveCfg = Debug|Any CPU
		{E8BB1A9E-3095-4101-A9B8-52DF468BEE68}.Debug|Any CPU.Build.0 = Debug|Any CPU
		{E8BB1A9E-3095-4101-A9B8-52DF468BEE68}.Release|Any CPU.ActiveCfg = Release|Any CPU
		{E8BB1A9E-3095-4101-A9B8-52DF468BEE68}.Release|Any CPU.Build.0 = Release|Any CPU
		{0AC33AA8-E56E-4A23-9A97-83822D94310D}.Debug|Any CPU.ActiveCfg = Debug|Any CPU
		{0AC33AA8-E56E-4A23-9A97-83822D94310D}.Debug|Any CPU.Build.0 = Debug|Any CPU
		{0AC33AA8-E56E-4A23-9A97-83822D94310D}.Release|Any CPU.ActiveCfg = Release|Any CPU
		{0AC33AA8-E56E-4A23-9A97-83822D94310D}.Release|Any CPU.Build.0 = Release|Any CPU
	EndGlobalSection
	GlobalSection(SolutionProperties) = preSolution
		HideSolutionNode = FALSE
	EndGlobalSection
	GlobalSection(ExtensibilityGlobals) = postSolution
		SolutionGuid = {5F77A2A8-10E1-4209-8382-BA11531F14F7}
	EndGlobalSection
EndGlobal
